// !$*UTF8*$!
{
	archiveVersion = 1;
	classes = {
	};
	objectVersion = 52;
	objects = {

/* Begin PBXBuildFile section */
		A44AFB48244F5E0900990320 /* main.swift in Sources */ = {isa = PBXBuildFile; fileRef = A44AFB47244F5E0900990320 /* main.swift */; };
		A44AFB50244F5F3000990320 /* Guaka in Frameworks */ = {isa = PBXBuildFile; productRef = A44AFB4F244F5F3000990320 /* Guaka */; };
		A4561127245419C500EE07BF /* extensions.swift in Sources */ = {isa = PBXBuildFile; fileRef = A4561126245419C500EE07BF /* extensions.swift */; };
		A4561129245419FA00EE07BF /* walk.swift in Sources */ = {isa = PBXBuildFile; fileRef = A4561128245419FA00EE07BF /* walk.swift */; };
		A456112B24541A3D00EE07BF /* placeholder.swift in Sources */ = {isa = PBXBuildFile; fileRef = A456112A24541A3D00EE07BF /* placeholder.swift */; };
		A456112D24541AE800EE07BF /* results.swift in Sources */ = {isa = PBXBuildFile; fileRef = A456112C24541AE800EE07BF /* results.swift */; };
/* End PBXBuildFile section */

/* Begin PBXCopyFilesBuildPhase section */
		A44AFB42244F5E0800990320 /* CopyFiles */ = {
			isa = PBXCopyFilesBuildPhase;
			buildActionMask = 2147483647;
			dstPath = /usr/share/man/man1/;
			dstSubfolderSpec = 0;
			files = (
			);
			runOnlyForDeploymentPostprocessing = 1;
		};
/* End PBXCopyFilesBuildPhase section */

/* Begin PBXFileReference section */
		A44AFB44244F5E0900990320 /* icloud-stats */ = {isa = PBXFileReference; explicitFileType = "compiled.mach-o.executable"; includeInIndex = 0; path = "icloud-stats"; sourceTree = BUILT_PRODUCTS_DIR; };
		A44AFB47244F5E0900990320 /* main.swift */ = {isa = PBXFileReference; lastKnownFileType = sourcecode.swift; path = main.swift; sourceTree = "<group>"; };
		A4561126245419C500EE07BF /* extensions.swift */ = {isa = PBXFileReference; lastKnownFileType = sourcecode.swift; path = extensions.swift; sourceTree = "<group>"; };
		A4561128245419FA00EE07BF /* walk.swift */ = {isa = PBXFileReference; lastKnownFileType = sourcecode.swift; path = walk.swift; sourceTree = "<group>"; };
		A456112A24541A3D00EE07BF /* placeholder.swift */ = {isa = PBXFileReference; lastKnownFileType = sourcecode.swift; path = placeholder.swift; sourceTree = "<group>"; };
		A456112C24541AE800EE07BF /* results.swift */ = {isa = PBXFileReference; lastKnownFileType = sourcecode.swift; path = results.swift; sourceTree = "<group>"; };
/* End PBXFileReference section */

/* Begin PBXFrameworksBuildPhase section */
		A44AFB41244F5E0800990320 /* Frameworks */ = {
			isa = PBXFrameworksBuildPhase;
			buildActionMask = 2147483647;
			files = (
				A44AFB50244F5F3000990320 /* Guaka in Frameworks */,
			);
			runOnlyForDeploymentPostprocessing = 0;
		};
/* End PBXFrameworksBuildPhase section */

/* Begin PBXGroup section */
		A44AFB3B244F5E0800990320 = {
			isa = PBXGroup;
			children = (
				A44AFB46244F5E0900990320 /* icloud-stats */,
				A44AFB45244F5E0900990320 /* Products */,
			);
			sourceTree = "<group>";
		};
		A44AFB45244F5E0900990320 /* Products */ = {
			isa = PBXGroup;
			children = (
				A44AFB44244F5E0900990320 /* icloud-stats */,
			);
			name = Products;
			sourceTree = "<group>";
		};
		A44AFB46244F5E0900990320 /* icloud-stats */ = {
			isa = PBXGroup;
			children = (
				A44AFB47244F5E0900990320 /* main.swift */,
				A456112C24541AE800EE07BF /* results.swift */,
				A4561126245419C500EE07BF /* extensions.swift */,
				A4561128245419FA00EE07BF /* walk.swift */,
				A456112A24541A3D00EE07BF /* placeholder.swift */,
			);
			path = "icloud-stats";
			sourceTree = "<group>";
		};
/* End PBXGroup section */

/* Begin PBXNativeTarget section */
		A44AFB43244F5E0800990320 /* icloud-stats */ = {
			isa = PBXNativeTarget;
			buildConfigurationList = A44AFB4B244F5E0900990320 /* Build configuration list for PBXNativeTarget "icloud-stats" */;
			buildPhases = (
				A44AFB40244F5E0800990320 /* Sources */,
				A44AFB41244F5E0800990320 /* Frameworks */,
				A44AFB42244F5E0800990320 /* CopyFiles */,
			);
			buildRules = (
			);
			dependencies = (
			);
			name = "icloud-stats";
			packageProductDependencies = (
				A44AFB4F244F5F3000990320 /* Guaka */,
			);
			productName = "icloud-stats";
			productReference = A44AFB44244F5E0900990320 /* icloud-stats */;
			productType = "com.apple.product-type.tool";
		};
/* End PBXNativeTarget section */

/* Begin PBXProject section */
		A44AFB3C244F5E0800990320 /* Project object */ = {
			isa = PBXProject;
			attributes = {
				LastSwiftUpdateCheck = 1140;
				LastUpgradeCheck = 1140;
				ORGANIZATIONNAME = "Günther Eberl";
				TargetAttributes = {
					A44AFB43244F5E0800990320 = {
						CreatedOnToolsVersion = 11.4.1;
					};
				};
			};
			buildConfigurationList = A44AFB3F244F5E0800990320 /* Build configuration list for PBXProject "icloud-stats" */;
			compatibilityVersion = "Xcode 9.3";
			developmentRegion = en;
			hasScannedForEncodings = 0;
			knownRegions = (
				en,
				Base,
			);
			mainGroup = A44AFB3B244F5E0800990320;
			packageReferences = (
				A44AFB4E244F5F3000990320 /* XCRemoteSwiftPackageReference "Guaka" */,
			);
			productRefGroup = A44AFB45244F5E0900990320 /* Products */;
			projectDirPath = "";
			projectRoot = "";
			targets = (
				A44AFB43244F5E0800990320 /* icloud-stats */,
			);
		};
/* End PBXProject section */

/* Begin PBXSourcesBuildPhase section */
		A44AFB40244F5E0800990320 /* Sources */ = {
			isa = PBXSourcesBuildPhase;
			buildActionMask = 2147483647;
			files = (
				A456112D24541AE800EE07BF /* results.swift in Sources */,
				A4561129245419FA00EE07BF /* walk.swift in Sources */,
				A44AFB48244F5E0900990320 /* main.swift in Sources */,
				A4561127245419C500EE07BF /* extensions.swift in Sources */,
				A456112B24541A3D00EE07BF /* placeholder.swift in Sources */,
			);
			runOnlyForDeploymentPostprocessing = 0;
		};
/* End PBXSourcesBuildPhase section */

/* Begin XCBuildConfiguration section */
		A44AFB49244F5E0900990320 /* Debug */ = {
			isa = XCBuildConfiguration;
			buildSettings = {
				ALWAYS_SEARCH_USER_PATHS = NO;
				CLANG_ANALYZER_NONNULL = YES;
				CLANG_ANALYZER_NUMBER_OBJECT_CONVERSION = YES_AGGRESSIVE;
				CLANG_CXX_LANGUAGE_STANDARD = "gnu++14";
				CLANG_CXX_LIBRARY = "libc++";
				CLANG_ENABLE_MODULES = YES;
				CLANG_ENABLE_OBJC_ARC = YES;
				CLANG_ENABLE_OBJC_WEAK = YES;
				CLANG_WARN_BLOCK_CAPTURE_AUTORELEASING = YES;
				CLANG_WARN_BOOL_CONVERSION = YES;
				CLANG_WARN_COMMA = YES;
				CLANG_WARN_CONSTANT_CONVERSION = YES;
				CLANG_WARN_DEPRECATED_OBJC_IMPLEMENTATIONS = YES;
				CLANG_WARN_DIRECT_OBJC_ISA_USAGE = YES_ERROR;
				CLANG_WARN_DOCUMENTATION_COMMENTS = YES;
				CLANG_WARN_EMPTY_BODY = YES;
				CLANG_WARN_ENUM_CONVERSION = YES;
				CLANG_WARN_INFINITE_RECURSION = YES;
				CLANG_WARN_INT_CONVERSION = YES;
				CLANG_WARN_NON_LITERAL_NULL_CONVERSION = YES;
				CLANG_WARN_OBJC_IMPLICIT_RETAIN_SELF = YES;
				CLANG_WARN_OBJC_LITERAL_CONVERSION = YES;
				CLANG_WARN_OBJC_ROOT_CLASS = YES_ERROR;
				CLANG_WARN_RANGE_LOOP_ANALYSIS = YES;
				CLANG_WARN_STRICT_PROTOTYPES = YES;
				CLANG_WARN_SUSPICIOUS_MOVE = YES;
				CLANG_WARN_UNGUARDED_AVAILABILITY = YES_AGGRESSIVE;
				CLANG_WARN_UNREACHABLE_CODE = YES;
				CLANG_WARN__DUPLICATE_METHOD_MATCH = YES;
				COPY_PHASE_STRIP = NO;
				DEBUG_INFORMATION_FORMAT = dwarf;
				ENABLE_STRICT_OBJC_MSGSEND = YES;
				ENABLE_TESTABILITY = YES;
				GCC_C_LANGUAGE_STANDARD = gnu11;
				GCC_DYNAMIC_NO_PIC = NO;
				GCC_NO_COMMON_BLOCKS = YES;
				GCC_OPTIMIZATION_LEVEL = 0;
				GCC_PREPROCESSOR_DEFINITIONS = (
					"DEBUG=1",
					"$(inherited)",
				);
				GCC_WARN_64_TO_32_BIT_CONVERSION = YES;
				GCC_WARN_ABOUT_RETURN_TYPE = YES_ERROR;
				GCC_WARN_UNDECLARED_SELECTOR = YES;
				GCC_WARN_UNINITIALIZED_AUTOS = YES_AGGRESSIVE;
				GCC_WARN_UNUSED_FUNCTION = YES;
				GCC_WARN_UNUSED_VARIABLE = YES;
				MACOSX_DEPLOYMENT_TARGET = 10.15;
				MTL_ENABLE_DEBUG_INFO = INCLUDE_SOURCE;
				MTL_FAST_MATH = YES;
				ONLY_ACTIVE_ARCH = YES;
				SDKROOT = macosx;
				SWIFT_ACTIVE_COMPILATION_CONDITIONS = DEBUG;
				SWIFT_OPTIMIZATION_LEVEL = "-Onone";
			};
			name = Debug;
		};
		A44AFB4A244F5E0900990320 /* Release */ = {
			isa = XCBuildConfiguration;
			buildSettings = {
				ALWAYS_SEARCH_USER_PATHS = NO;
				CLANG_ANALYZER_NONNULL = YES;
				CLANG_ANALYZER_NUMBER_OBJECT_CONVERSION = YES_AGGRESSIVE;
				CLANG_CXX_LANGUAGE_STANDARD = "gnu++14";
				CLANG_CXX_LIBRARY = "libc++";
				CLANG_ENABLE_MODULES = YES;
				CLANG_ENABLE_OBJC_ARC = YES;
				CLANG_ENABLE_OBJC_WEAK = YES;
				CLANG_WARN_BLOCK_CAPTURE_AUTORELEASING = YES;
				CLANG_WARN_BOOL_CONVERSION = YES;
				CLANG_WARN_COMMA = YES;
				CLANG_WARN_CONSTANT_CONVERSION = YES;
				CLANG_WARN_DEPRECATED_OBJC_IMPLEMENTATIONS = YES;
				CLANG_WARN_DIRECT_OBJC_ISA_USAGE = YES_ERROR;
				CLANG_WARN_DOCUMENTATION_COMMENTS = YES;
				CLANG_WARN_EMPTY_BODY = YES;
				CLANG_WARN_ENUM_CONVERSION = YES;
				CLANG_WARN_INFINITE_RECURSION = YES;
				CLANG_WARN_INT_CONVERSION = YES;
				CLANG_WARN_NON_LITERAL_NULL_CONVERSION = YES;
				CLANG_WARN_OBJC_IMPLICIT_RETAIN_SELF = YES;
				CLANG_WARN_OBJC_LITERAL_CONVERSION = YES;
				CLANG_WARN_OBJC_ROOT_CLASS = YES_ERROR;
				CLANG_WARN_RANGE_LOOP_ANALYSIS = YES;
				CLANG_WARN_STRICT_PROTOTYPES = YES;
				CLANG_WARN_SUSPICIOUS_MOVE = YES;
				CLANG_WARN_UNGUARDED_AVAILABILITY = YES_AGGRESSIVE;
				CLANG_WARN_UNREACHABLE_CODE = YES;
				CLANG_WARN__DUPLICATE_METHOD_MATCH = YES;
				COPY_PHASE_STRIP = NO;
				DEBUG_INFORMATION_FORMAT = "dwarf-with-dsym";
				ENABLE_NS_ASSERTIONS = NO;
				ENABLE_STRICT_OBJC_MSGSEND = YES;
				GCC_C_LANGUAGE_STANDARD = gnu11;
				GCC_NO_COMMON_BLOCKS = YES;
				GCC_WARN_64_TO_32_BIT_CONVERSION = YES;
				GCC_WARN_ABOUT_RETURN_TYPE = YES_ERROR;
				GCC_WARN_UNDECLARED_SELECTOR = YES;
				GCC_WARN_UNINITIALIZED_AUTOS = YES_AGGRESSIVE;
				GCC_WARN_UNUSED_FUNCTION = YES;
				GCC_WARN_UNUSED_VARIABLE = YES;
				MACOSX_DEPLOYMENT_TARGET = 10.15;
				MTL_ENABLE_DEBUG_INFO = NO;
				MTL_FAST_MATH = YES;
				SDKROOT = macosx;
				SWIFT_COMPILATION_MODE = wholemodule;
				SWIFT_OPTIMIZATION_LEVEL = "-O";
			};
			name = Release;
		};
		A44AFB4C244F5E0900990320 /* Debug */ = {
			isa = XCBuildConfiguration;
			buildSettings = {
				CODE_SIGN_STYLE = Automatic;
				DEVELOPMENT_TEAM = QEZ83PUW72;
				ENABLE_HARDENED_RUNTIME = YES;
				MACOSX_DEPLOYMENT_TARGET = 10.15;
				PRODUCT_NAME = "$(TARGET_NAME)";
				SWIFT_VERSION = 5.0;
			};
			name = Debug;
		};
		A44AFB4D244F5E0900990320 /* Release */ = {
			isa = XCBuildConfiguration;
			buildSettings = {
				CODE_SIGN_STYLE = Automatic;
				DEVELOPMENT_TEAM = QEZ83PUW72;
				ENABLE_HARDENED_RUNTIME = YES;
				MACOSX_DEPLOYMENT_TARGET = 10.15;
				PRODUCT_NAME = "$(TARGET_NAME)";
				SWIFT_VERSION = 5.0;
			};
			name = Release;
		};
/* End XCBuildConfiguration section */

/* Begin XCConfigurationList section */
		A44AFB3F244F5E0800990320 /* Build configuration list for PBXProject "icloud-stats" */ = {
			isa = XCConfigurationList;
			buildConfigurations = (
				A44AFB49244F5E0900990320 /* Debug */,
				A44AFB4A244F5E0900990320 /* Release */,
			);
			defaultConfigurationIsVisible = 0;
			defaultConfigurationName = Release;
		};
		A44AFB4B244F5E0900990320 /* Build configuration list for PBXNativeTarget "icloud-stats" */ = {
			isa = XCConfigurationList;
			buildConfigurations = (
				A44AFB4C244F5E0900990320 /* Debug */,
				A44AFB4D244F5E0900990320 /* Release */,
			);
			defaultConfigurationIsVisible = 0;
			defaultConfigurationName = Release;
		};
/* End XCConfigurationList section */

/* Begin XCRemoteSwiftPackageReference section */
		A44AFB4E244F5F3000990320 /* XCRemoteSwiftPackageReference "Guaka" */ = {
			isa = XCRemoteSwiftPackageReference;
			repositoryURL = "https://github.com/nsomar/Guaka.git";
			requirement = {
				kind = upToNextMajorVersion;
				minimumVersion = 0.4.1;
			};
		};
/* End XCRemoteSwiftPackageReference section */

/* Begin XCSwiftPackageProductDependency section */
		A44AFB4F244F5F3000990320 /* Guaka */ = {
			isa = XCSwiftPackageProductDependency;
			package = A44AFB4E244F5F3000990320 /* XCRemoteSwiftPackageReference "Guaka" */;
			productName = Guaka;
		};
/* End XCSwiftPackageProductDependency section */
	};
	rootObject = A44AFB3C244F5E0800990320 /* Project object */;
}
